dependencies:
- name: common
  repository: oci://registry-1.docker.io/bitnamicharts
  version: 2.27.2
- name: kafka
  repository: oci://registry-1.docker.io/bitnamicharts
  version: 29.3.4
- name: postgresql
  repository: oci://registry-1.docker.io/bitnamicharts
  version: 15.5.9
- name: loki-stack
  repository: https://grafana.github.io/helm-charts
  version: 2.10.2
- name: prometheus
  repository: oci://registry-1.docker.io/bitnamicharts
  version: 1.3.8
- name: trino
  repository: https://trinodb.github.io/charts
  version: 0.25.0
- name: wis2metastore
  repository: file://charts/wis2metastore
  version: 0.1.0
- name: wis2bridge
  repository: file://charts/wis2bridge
  version: 0.1.0
- name: wis2notification
  repository: file://charts/wis2notification
  version: 0.1.0
- name: wis2content
  repository: file://charts/wis2notification
  version: 0.1.0
- name: wis2decoding
  repository: file://charts/wis2decoding
  version: 0.1.0
- name: wis2output
  repository: file://charts/wis2output
  version: 0.1.0
- name: wis2validation
  repository: file://charts/wis2validation
  version: 0.1.0
digest: sha256:4294d7108a5ce3247f5a153b8112734ca6a6c79dcbddd47da62c2d72756cabf1
generated: "2024-12-03T10:44:37.236917334+01:00"
